platform=linux/amd64
base_image=python:3.11.15-slim-bookworm
base_image_digest=sha256:d29f48a31a8b408ed19272ca1e7b10ebae13b240a27e862d3d4217c528e2e0c3
debian_snapshot=20260803T000000Z
pillow_version=12.3.0
pillow_cp311_manylinux_x86_64_wheel_sha256=23d27a3e0307ec2244cc51e7287b919aa68d097504ebe19df4e76a98a3eea5bd
pillow_cp311_manylinux_x86_64_embedded_license_sha256=dda12a98c1979cf3d94df1cff45d27a4cb3f04a60c76f76902ac54cac03ec0ce
pillow_sdist_url=https://files.pythonhosted.org/packages/1c/3d/bb7fca845737cf9d7dbde16ed1843984665ff2e0a518f5db43e77ec540b9/pillow-12.3.0.tar.gz
pillow_sdist_sha256=3b8182a766685eaa002637e28b4ec8d6b18819a0c71f579bf0dbaa5830297cce
tesseract_ocr_debian_version=5.3.0-2
tesseract_ocr_amd64_deb_sha256=311fed91c7311cfee54c28a0f21d700377b8131a9d114628d36d2563f99e1730
tesseract_ocr_eng_debian_version=1:4.1.0-2
tesseract_ocr_eng_all_deb_sha256=9242d054563262398f8cf41fbd96fcc72f9dde70db16de18539882a6cff74f9d
libtesseract5_debian_version=5.3.0-2
libtesseract5_amd64_deb_sha256=19b1719f30235eaf209866b219d4dbdd4dddd813758a8d5b9715c78c40702ff1
liblept5_debian_version=1.82.0-3+b3
liblept5_amd64_deb_sha256=cddc18cffc38bb1839f2b5336822646b34dafc5dd40468b658d26c20e0eb97af
liblept5_debian_copyright_sha256=cff4f0cb5db14528a8b84f4a3389012d5c6e0f5a75a882509367b2147c05a83e
leptonica_upstream_version=1.82.0
leptonica_upstream_license_url=https://raw.githubusercontent.com/DanBloomberg/leptonica/1.82.0/leptonica-license.txt
leptonica_upstream_license_download_sha256=87829abb5bbb00b55a107365da89e9a33f86c4250169e5a1e5588505be7d5806
leptonica_preserved_license_sha256=4d3065116f182e29760af0c901d5dbb2e1e16c42765dfc24e69b26805e2acb1e
leptonica_upstream_source_url=https://github.com/DanBloomberg/leptonica/archive/refs/tags/1.82.0.tar.gz
leptonica_upstream_source_sha256=40fa9ac1e815b91e0fa73f0737e60c9eec433a95fa123f95f2573dd3127dd669
eng_traineddata_sha256=7d4322bd2a7749724879683fc3912cb542f19906c83bcc1a52132556427170b2
